
Microsoft Visual Studio Solution File, Format Version 12.00
# Visual Studio 15
VisualStudioVersion = 15.0.28307.329
MinimumVisualStudioVersion = 10.0.40219.1
Project("{FAE04EC0-301F-11D3-BF4B-00C04F79EFBC}") = "WebApi_Abhishek_task", "WebApi_Abhishek_task\WebApi_Abhishek_task.csproj", "{B87F9739-2537-4E7D-A530-5A4506437A89}"
EndProject
Global
	GlobalSection(SolutionConfigurationPlatforms) = preSolution
		Debug|Any CPU = Debug|Any CPU
		Release|Any CPU = Release|Any CPU
	EndGlobalSection
	GlobalSection(ProjectConfigurationPlatforms) = postSolution
		{B87F9739-2537-4E7D-A530-5A4506437A89}.Debug|Any CPU.ActiveCfg = Debug|Any CPU
		{B87F9739-2537-4E7D-A530-5A4506437A89}.Debug|Any CPU.Build.0 = Debug|Any CPU
		{B87F9739-2537-4E7D-A530-5A4506437A89}.Release|Any CPU.ActiveCfg = Release|Any CPU
		{B87F9739-2537-4E7D-A530-5A4506437A89}.Release|Any CPU.Build.0 = Release|Any CPU
	EndGlobalSection
	GlobalSection(SolutionProperties) = preSolution
		HideSolutionNode = FALSE
	EndGlobalSection
	GlobalSection(ExtensibilityGlobals) = postSolution
		SolutionGuid = {D2F14324-363C-45CA-864C-D7B0497A0F68}
	EndGlobalSection
EndGlobal
